
Microsoft Visual Studio Solution File, Format Version 12.00
# Visual Studio Version 17
VisualStudioVersion = 17.4.33122.133
MinimumVisualStudioVersion = 10.0.40219.1
Project("{9A19103F-16F7-4668-BE54-9A1E7A4F7556}") = "JadeChess", "JadeChess\JadeChess.csproj", "{9284B115-0FC2-4CAF-A3FF-D83BC9FBBB12}"
EndProject
Project("{2150E333-8FDC-42A3-9474-1A3956D46DE8}") = "JadeChess.Game", "JadeChess.Game", "{5303D2A1-3F2C-4757-A75D-399593F123E3}"
EndProject
Project("{2150E333-8FDC-42A3-9474-1A3956D46DE8}") = "JadeChess.News", "JadeChess.News", "{F4B25F9D-B647-49B3-8223-F3D4DB5FFE8F}"
EndProject
Project("{2150E333-8FDC-42A3-9474-1A3956D46DE8}") = "JadeChess.Friends", "JadeChess.Friends", "{EF5A11DC-BB78-4470-9C9E-91A12578902E}"
EndProject
Project("{9A19103F-16F7-4668-BE54-9A1E7A4F7556}") = "JadeChess.Game.Application", "JadeChess.Game.Application\JadeChess.Game.Application.csproj", "{70CB8264-6527-4EE6-9DA1-7EB2628EA4D1}"
EndProject
Project("{9A19103F-16F7-4668-BE54-9A1E7A4F7556}") = "JadeChess.Game.Domain", "JadeChess.Game.Domain\JadeChess.Game.Domain.csproj", "{26850F32-00FF-4FC4-AFEA-39E06880EE3C}"
EndProject
Project("{9A19103F-16F7-4668-BE54-9A1E7A4F7556}") = "JadeChess.Game.Data", "JadeChess.Game.Data\JadeChess.Game.Data.csproj", "{D312ADF3-DEC5-4AA4-81FA-26A1FF39757F}"
EndProject
Project("{9A19103F-16F7-4668-BE54-9A1E7A4F7556}") = "JadeChess.Game.EntityFrameworkCore", "JadeChess.Game.EntityFrameworkCore\JadeChess.Game.EntityFrameworkCore.csproj", "{9518CDC5-02CA-4E36-8511-281E05158916}"
EndProject
Project("{9A19103F-16F7-4668-BE54-9A1E7A4F7556}") = "JadeChess.Game.Domain.NUnit.Tests", "JadeChess.Game.Domain.NUnit.Tests\JadeChess.Game.Domain.NUnit.Tests.csproj", "{8EE2CB5B-A281-4B6A-8D11-44F177F462B9}"
EndProject
Project("{FAE04EC0-301F-11D3-BF4B-00C04F79EFBC}") = "JadeChess.Friends.Application", "JadeChess.Friends.Application\JadeChess.Friends.Application.csproj", "{C8AA36D4-B222-4ECF-B898-2968B52A7D2B}"
EndProject
Project("{FAE04EC0-301F-11D3-BF4B-00C04F79EFBC}") = "JadeChess.Friends.Domain", "JadeChess.Friends.Domain\JadeChess.Friends.Domain.csproj", "{A40F266B-E263-496F-BAD9-6BB716B87AEF}"
EndProject
Project("{FAE04EC0-301F-11D3-BF4B-00C04F79EFBC}") = "JadeChess.Friends.Domain.NUnit.Tests", "JadeChess.Friends.Domain.NUnit.Tests\JadeChess.Friends.Domain.NUnit.Tests.csproj", "{26B0D398-615C-4D0E-8809-532326D3F70F}"
EndProject
Project("{FAE04EC0-301F-11D3-BF4B-00C04F79EFBC}") = "JadeChess.Friends.Data", "JadeChess.Friends.Data\JadeChess.Friends.Data.csproj", "{1D67B7C1-26A6-49D1-8F23-29798441F7ED}"
EndProject
Project("{FAE04EC0-301F-11D3-BF4B-00C04F79EFBC}") = "JadeChess.Friends.EntityFrameworkCore", "JadeChess.Friends.EntityFrameworkCore\JadeChess.Friends.EntityFrameworkCore.csproj", "{4603E8EC-29F1-4888-88F9-65DF63A2FD34}"
EndProject
Project("{FAE04EC0-301F-11D3-BF4B-00C04F79EFBC}") = "JadeChess.News.Application", "JadeChess.News.Application\JadeChess.News.Application.csproj", "{6EC9426C-D6E0-40FE-A4BA-074AF3413615}"
EndProject
Project("{FAE04EC0-301F-11D3-BF4B-00C04F79EFBC}") = "JadeChess.News.Data", "JadeChess.News.Data\JadeChess.News.Data.csproj", "{931BCF6F-915B-46F2-A0B9-7D487421527B}"
EndProject
Project("{FAE04EC0-301F-11D3-BF4B-00C04F79EFBC}") = "JadeChess.News.Domain", "JadeChess.News.Domain\JadeChess.News.Domain.csproj", "{124385C1-CADB-4011-AB63-859C87E5C13D}"
EndProject
Project("{FAE04EC0-301F-11D3-BF4B-00C04F79EFBC}") = "JadeChess.News.EntityFrameworkCore", "JadeChess.News.EntityFrameworkCore\JadeChess.News.EntityFrameworkCore.csproj", "{7073E8C0-07A5-42D4-A4EE-96BB8EAF5C46}"
EndProject
Project("{FAE04EC0-301F-11D3-BF4B-00C04F79EFBC}") = "JadeChess.News.NUnit.Tests", "JadeChess.News.NUnit.Tests\JadeChess.News.NUnit.Tests.csproj", "{B9442E51-E427-4300-8272-2CEE4F8FE1A3}"
EndProject
Global
	GlobalSection(SolutionConfigurationPlatforms) = preSolution
		Debug|Any CPU = Debug|Any CPU
		Release|Any CPU = Release|Any CPU
	EndGlobalSection
	GlobalSection(ProjectConfigurationPlatforms) = postSolution
		{9284B115-0FC2-4CAF-A3FF-D83BC9FBBB12}.Debug|Any CPU.ActiveCfg = Debug|Any CPU
		{9284B115-0FC2-4CAF-A3FF-D83BC9FBBB12}.Debug|Any CPU.Build.0 = Debug|Any CPU
		{9284B115-0FC2-4CAF-A3FF-D83BC9FBBB12}.Release|Any CPU.ActiveCfg = Release|Any CPU
		{9284B115-0FC2-4CAF-A3FF-D83BC9FBBB12}.Release|Any CPU.Build.0 = Release|Any CPU
		{70CB8264-6527-4EE6-9DA1-7EB2628EA4D1}.Debug|Any CPU.ActiveCfg = Debug|Any CPU
		{70CB8264-6527-4EE6-9DA1-7EB2628EA4D1}.Debug|Any CPU.Build.0 = Debug|Any CPU
		{70CB8264-6527-4EE6-9DA1-7EB2628EA4D1}.Release|Any CPU.ActiveCfg = Release|Any CPU
		{70CB8264-6527-4EE6-9DA1-7EB2628EA4D1}.Release|Any CPU.Build.0 = Release|Any CPU
		{26850F32-00FF-4FC4-AFEA-39E06880EE3C}.Debug|Any CPU.ActiveCfg = Debug|Any CPU
		{26850F32-00FF-4FC4-AFEA-39E06880EE3C}.Debug|Any CPU.Build.0 = Debug|Any CPU
		{26850F32-00FF-4FC4-AFEA-39E06880EE3C}.Release|Any CPU.ActiveCfg = Release|Any CPU
		{26850F32-00FF-4FC4-AFEA-39E06880EE3C}.Release|Any CPU.Build.0 = Release|Any CPU
		{D312ADF3-DEC5-4AA4-81FA-26A1FF39757F}.Debug|Any CPU.ActiveCfg = Debug|Any CPU
		{D312ADF3-DEC5-4AA4-81FA-26A1FF39757F}.Debug|Any CPU.Build.0 = Debug|Any CPU
		{D312ADF3-DEC5-4AA4-81FA-26A1FF39757F}.Release|Any CPU.ActiveCfg = Release|Any CPU
		{D312ADF3-DEC5-4AA4-81FA-26A1FF39757F}.Release|Any CPU.Build.0 = Release|Any CPU
		{9518CDC5-02CA-4E36-8511-281E05158916}.Debug|Any CPU.ActiveCfg = Debug|Any CPU
		{9518CDC5-02CA-4E36-8511-281E05158916}.Debug|Any CPU.Build.0 = Debug|Any CPU
		{9518CDC5-02CA-4E36-8511-281E05158916}.Release|Any CPU.ActiveCfg = Release|Any CPU
		{9518CDC5-02CA-4E36-8511-281E05158916}.Release|Any CPU.Build.0 = Release|Any CPU
		{8EE2CB5B-A281-4B6A-8D11-44F177F462B9}.Debug|Any CPU.ActiveCfg = Debug|Any CPU
		{8EE2CB5B-A281-4B6A-8D11-44F177F462B9}.Debug|Any CPU.Build.0 = Debug|Any CPU
		{8EE2CB5B-A281-4B6A-8D11-44F177F462B9}.Release|Any CPU.ActiveCfg = Release|Any CPU
		{8EE2CB5B-A281-4B6A-8D11-44F177F462B9}.Release|Any CPU.Build.0 = Release|Any CPU
		{C8AA36D4-B222-4ECF-B898-2968B52A7D2B}.Debug|Any CPU.ActiveCfg = Debug|Any CPU
		{C8AA36D4-B222-4ECF-B898-2968B52A7D2B}.Debug|Any CPU.Build.0 = Debug|Any CPU
		{C8AA36D4-B222-4ECF-B898-2968B52A7D2B}.Release|Any CPU.ActiveCfg = Release|Any CPU
		{C8AA36D4-B222-4ECF-B898-2968B52A7D2B}.Release|Any CPU.Build.0 = Release|Any CPU
		{A40F266B-E263-496F-BAD9-6BB716B87AEF}.Debug|Any CPU.ActiveCfg = Debug|Any CPU
		{A40F266B-E263-496F-BAD9-6BB716B87AEF}.Debug|Any CPU.Build.0 = Debug|Any CPU
		{A40F266B-E263-496F-BAD9-6BB716B87AEF}.Release|Any CPU.ActiveCfg = Release|Any CPU
		{A40F266B-E263-496F-BAD9-6BB716B87AEF}.Release|Any CPU.Build.0 = Release|Any CPU
		{26B0D398-615C-4D0E-8809-532326D3F70F}.Debug|Any CPU.ActiveCfg = Debug|Any CPU
		{26B0D398-615C-4D0E-8809-532326D3F70F}.Debug|Any CPU.Build.0 = Debug|Any CPU
		{26B0D398-615C-4D0E-8809-532326D3F70F}.Release|Any CPU.ActiveCfg = Release|Any CPU
		{26B0D398-615C-4D0E-8809-532326D3F70F}.Release|Any CPU.Build.0 = Release|Any CPU
		{1D67B7C1-26A6-49D1-8F23-29798441F7ED}.Debug|Any CPU.ActiveCfg = Debug|Any CPU
		{1D67B7C1-26A6-49D1-8F23-29798441F7ED}.Debug|Any CPU.Build.0 = Debug|Any CPU
		{1D67B7C1-26A6-49D1-8F23-29798441F7ED}.Release|Any CPU.ActiveCfg = Release|Any CPU
		{1D67B7C1-26A6-49D1-8F23-29798441F7ED}.Release|Any CPU.Build.0 = Release|Any CPU
		{4603E8EC-29F1-4888-88F9-65DF63A2FD34}.Debug|Any CPU.ActiveCfg = Debug|Any CPU
		{4603E8EC-29F1-4888-88F9-65DF63A2FD34}.Debug|Any CPU.Build.0 = Debug|Any CPU
		{4603E8EC-29F1-4888-88F9-65DF63A2FD34}.Release|Any CPU.ActiveCfg = Release|Any CPU
		{4603E8EC-29F1-4888-88F9-65DF63A2FD34}.Release|Any CPU.Build.0 = Release|Any CPU
		{6EC9426C-D6E0-40FE-A4BA-074AF3413615}.Debug|Any CPU.ActiveCfg = Debug|Any CPU
		{6EC9426C-D6E0-40FE-A4BA-074AF3413615}.Debug|Any CPU.Build.0 = Debug|Any CPU
		{6EC9426C-D6E0-40FE-A4BA-074AF3413615}.Release|Any CPU.ActiveCfg = Release|Any CPU
		{6EC9426C-D6E0-40FE-A4BA-074AF3413615}.Release|Any CPU.Build.0 = Release|Any CPU
		{931BCF6F-915B-46F2-A0B9-7D487421527B}.Debug|Any CPU.ActiveCfg = Debug|Any CPU
		{931BCF6F-915B-46F2-A0B9-7D487421527B}.Debug|Any CPU.Build.0 = Debug|Any CPU
		{931BCF6F-915B-46F2-A0B9-7D487421527B}.Release|Any CPU.ActiveCfg = Release|Any CPU
		{931BCF6F-915B-46F2-A0B9-7D487421527B}.Release|Any CPU.Build.0 = Release|Any CPU
		{124385C1-CADB-4011-AB63-859C87E5C13D}.Debug|Any CPU.ActiveCfg = Debug|Any CPU
		{124385C1-CADB-4011-AB63-859C87E5C13D}.Debug|Any CPU.Build.0 = Debug|Any CPU
		{124385C1-CADB-4011-AB63-859C87E5C13D}.Release|Any CPU.ActiveCfg = Release|Any CPU
		{124385C1-CADB-4011-AB63-859C87E5C13D}.Release|Any CPU.Build.0 = Release|Any CPU
		{7073E8C0-07A5-42D4-A4EE-96BB8EAF5C46}.Debug|Any CPU.ActiveCfg = Debug|Any CPU
		{7073E8C0-07A5-42D4-A4EE-96BB8EAF5C46}.Debug|Any CPU.Build.0 = Debug|Any CPU
		{7073E8C0-07A5-42D4-A4EE-96BB8EAF5C46}.Release|Any CPU.ActiveCfg = Release|Any CPU
		{7073E8C0-07A5-42D4-A4EE-96BB8EAF5C46}.Release|Any CPU.Build.0 = Release|Any CPU
		{B9442E51-E427-4300-8272-2CEE4F8FE1A3}.Debug|Any CPU.ActiveCfg = Debug|Any CPU
		{B9442E51-E427-4300-8272-2CEE4F8FE1A3}.Debug|Any CPU.Build.0 = Debug|Any CPU
		{B9442E51-E427-4300-8272-2CEE4F8FE1A3}.Release|Any CPU.ActiveCfg = Release|Any CPU
		{B9442E51-E427-4300-8272-2CEE4F8FE1A3}.Release|Any CPU.Build.0 = Release|Any CPU
	EndGlobalSection
	GlobalSection(SolutionProperties) = preSolution
		HideSolutionNode = FALSE
	EndGlobalSection
	GlobalSection(NestedProjects) = preSolution
		{70CB8264-6527-4EE6-9DA1-7EB2628EA4D1} = {5303D2A1-3F2C-4757-A75D-399593F123E3}
		{26850F32-00FF-4FC4-AFEA-39E06880EE3C} = {5303D2A1-3F2C-4757-A75D-399593F123E3}
		{D312ADF3-DEC5-4AA4-81FA-26A1FF39757F} = {5303D2A1-3F2C-4757-A75D-399593F123E3}
		{9518CDC5-02CA-4E36-8511-281E05158916} = {5303D2A1-3F2C-4757-A75D-399593F123E3}
		{8EE2CB5B-A281-4B6A-8D11-44F177F462B9} = {5303D2A1-3F2C-4757-A75D-399593F123E3}
		{C8AA36D4-B222-4ECF-B898-2968B52A7D2B} = {EF5A11DC-BB78-4470-9C9E-91A12578902E}
		{A40F266B-E263-496F-BAD9-6BB716B87AEF} = {EF5A11DC-BB78-4470-9C9E-91A12578902E}
		{26B0D398-615C-4D0E-8809-532326D3F70F} = {EF5A11DC-BB78-4470-9C9E-91A12578902E}
		{1D67B7C1-26A6-49D1-8F23-29798441F7ED} = {EF5A11DC-BB78-4470-9C9E-91A12578902E}
		{4603E8EC-29F1-4888-88F9-65DF63A2FD34} = {EF5A11DC-BB78-4470-9C9E-91A12578902E}
		{6EC9426C-D6E0-40FE-A4BA-074AF3413615} = {F4B25F9D-B647-49B3-8223-F3D4DB5FFE8F}
		{931BCF6F-915B-46F2-A0B9-7D487421527B} = {F4B25F9D-B647-49B3-8223-F3D4DB5FFE8F}
		{124385C1-CADB-4011-AB63-859C87E5C13D} = {F4B25F9D-B647-49B3-8223-F3D4DB5FFE8F}
		{7073E8C0-07A5-42D4-A4EE-96BB8EAF5C46} = {F4B25F9D-B647-49B3-8223-F3D4DB5FFE8F}
		{B9442E51-E427-4300-8272-2CEE4F8FE1A3} = {F4B25F9D-B647-49B3-8223-F3D4DB5FFE8F}
	EndGlobalSection
	GlobalSection(ExtensibilityGlobals) = postSolution
		SolutionGuid = {4DA4C9B7-E6EA-406D-8CC8-424361A9DE4C}
	EndGlobalSection
EndGlobal
